
Microsoft Visual Studio Solution File, Format Version 12.00
# Visual Studio Version 16
VisualStudioVersion = 16.0.29613.14
MinimumVisualStudioVersion = 10.0.40219.1
Project("{9A19103F-16F7-4668-BE54-9A1E7A4F7556}") = "iSchool.FinanceCenter.Api", "iSchool.FinanceCenter.Api\iSchool.FinanceCenter.Api.csproj", "{3A838F50-4406-405A-9D57-0491DB443CB6}"
EndProject
Project("{2150E333-8FDC-42A3-9474-1A3956D46DE8}") = "1-Presentation", "1-Presentation", "{7539CB9E-110A-406A-B8B9-94BF715D9CE8}"
EndProject
Project("{2150E333-8FDC-42A3-9474-1A3956D46DE8}") = "2-Application", "2-Application", "{9125BA7F-0969-429B-81E1-F7DD1688056C}"
EndProject
Project("{2150E333-8FDC-42A3-9474-1A3956D46DE8}") = "3-Domain", "3-Domain", "{5977985C-6C85-49F0-A12C-08ECC138DAF0}"
EndProject
Project("{2150E333-8FDC-42A3-9474-1A3956D46DE8}") = "4-Infrastructure", "4-Infrastructure", "{1B4D7B05-490A-4A53-86FC-5FFBE936BB02}"
EndProject
Project("{9A19103F-16F7-4668-BE54-9A1E7A4F7556}") = "iSchool.Infrastructure", "iSchool.Infrastructure\iSchool.Infrastructure.csproj", "{2088966C-FFD5-41BF-BE84-2C722C19C1C3}"
EndProject
Project("{9A19103F-16F7-4668-BE54-9A1E7A4F7556}") = "iSchool.Domain", "iSchool.Domain\iSchool.Domain.csproj", "{A4B07C66-3507-40C0-8296-BD73774AD56F}"
EndProject
Project("{9A19103F-16F7-4668-BE54-9A1E7A4F7556}") = "iSchool.Domain.Repository.Interfaces", "iSchool.Domain.Repository.Interfaces\iSchool.Domain.Repository.Interfaces.csproj", "{EA232A9A-440E-4619-B78E-9F2D94C49DD4}"
EndProject
Project("{9A19103F-16F7-4668-BE54-9A1E7A4F7556}") = "iSchool.Domain.SpecialEntities", "iSchool.Domain.SpecialEntities\iSchool.Domain.SpecialEntities.csproj", "{F2A15006-A12C-4869-9221-B6585A2FCCC7}"
EndProject
Project("{9A19103F-16F7-4668-BE54-9A1E7A4F7556}") = "iSchool.FinanceCenter.Domain", "iSchool.FinanceCenter.Domain\iSchool.FinanceCenter.Domain.csproj", "{72C7B804-3276-449C-8D5F-EEB6C594E17A}"
EndProject
Project("{9A19103F-16F7-4668-BE54-9A1E7A4F7556}") = "iSchool.FinanceCenter.Appliaction", "iSchool.FinanceCenter.Appliaction\iSchool.FinanceCenter.Appliaction.csproj", "{32BDB8AE-4A39-42B6-A411-0F853040B6A9}"
EndProject
Project("{9A19103F-16F7-4668-BE54-9A1E7A4F7556}") = "Sxb.PayCenter", "Sxb.PayCenter\Sxb.PayCenter.csproj", "{7A4EB5FD-C462-43C4-9773-F6164CD0F3E6}"
EndProject
Project("{2150E333-8FDC-42A3-9474-1A3956D46DE8}") = "5-PayCenter", "5-PayCenter", "{C7883775-AD55-4611-AF1F-2394625A6A36}"
EndProject
Project("{9A19103F-16F7-4668-BE54-9A1E7A4F7556}") = "Sxb.PayCenter.WechatPay", "Sxb.PayCenter.Domain\Sxb.PayCenter.WechatPay.csproj", "{3BA1CC00-E7AE-4EB3-94C7-0A89ACA0EEA0}"
EndProject
Project("{2150E333-8FDC-42A3-9474-1A3956D46DE8}") = "6-MqMannage", "6-MqMannage", "{271CE175-6C7A-4679-BED1-40805CBA91FF}"
EndProject
Project("{9A19103F-16F7-4668-BE54-9A1E7A4F7556}") = "iSchool.FinanceCenter.Messeage", "iSchool.FinanceCenter.Messeage\iSchool.FinanceCenter.Messeage.csproj", "{508C0649-B845-4A81-9F8E-572753B70D9D}"
EndProject
Project("{9A19103F-16F7-4668-BE54-9A1E7A4F7556}") = "Sxb.PayCenter.Application", "Sxb.PayCenter.Application\Sxb.PayCenter.Application.csproj", "{26E2D89D-7935-427C-9730-C814EE90A859}"
EndProject
Project("{9A19103F-16F7-4668-BE54-9A1E7A4F7556}") = "iSchool.FinanceCenter.Hanlder", "iSchool.FinanceCenter.Hanlder\iSchool.FinanceCenter.Hanlder.csproj", "{C1C7C3C6-11F2-4361-9BF0-DD9EEDAD429C}"
EndProject
Global
	GlobalSection(SolutionConfigurationPlatforms) = preSolution
		Debug|Any CPU = Debug|Any CPU
		Debug|x86 = Debug|x86
		Release|Any CPU = Release|Any CPU
		Release|x86 = Release|x86
	EndGlobalSection
	GlobalSection(ProjectConfigurationPlatforms) = postSolution
		{3A838F50-4406-405A-9D57-0491DB443CB6}.Debug|Any CPU.ActiveCfg = Debug|Any CPU
		{3A838F50-4406-405A-9D57-0491DB443CB6}.Debug|Any CPU.Build.0 = Debug|Any CPU
		{3A838F50-4406-405A-9D57-0491DB443CB6}.Debug|x86.ActiveCfg = Debug|Any CPU
		{3A838F50-4406-405A-9D57-0491DB443CB6}.Debug|x86.Build.0 = Debug|Any CPU
		{3A838F50-4406-405A-9D57-0491DB443CB6}.Release|Any CPU.ActiveCfg = Release|Any CPU
		{3A838F50-4406-405A-9D57-0491DB443CB6}.Release|Any CPU.Build.0 = Release|Any CPU
		{3A838F50-4406-405A-9D57-0491DB443CB6}.Release|x86.ActiveCfg = Release|Any CPU
		{3A838F50-4406-405A-9D57-0491DB443CB6}.Release|x86.Build.0 = Release|Any CPU
		{2088966C-FFD5-41BF-BE84-2C722C19C1C3}.Debug|Any CPU.ActiveCfg = Debug|Any CPU
		{2088966C-FFD5-41BF-BE84-2C722C19C1C3}.Debug|Any CPU.Build.0 = Debug|Any CPU
		{2088966C-FFD5-41BF-BE84-2C722C19C1C3}.Debug|x86.ActiveCfg = Debug|Any CPU
		{2088966C-FFD5-41BF-BE84-2C722C19C1C3}.Debug|x86.Build.0 = Debug|Any CPU
		{2088966C-FFD5-41BF-BE84-2C722C19C1C3}.Release|Any CPU.ActiveCfg = Release|Any CPU
		{2088966C-FFD5-41BF-BE84-2C722C19C1C3}.Release|Any CPU.Build.0 = Release|Any CPU
		{2088966C-FFD5-41BF-BE84-2C722C19C1C3}.Release|x86.ActiveCfg = Release|Any CPU
		{2088966C-FFD5-41BF-BE84-2C722C19C1C3}.Release|x86.Build.0 = Release|Any CPU
		{A4B07C66-3507-40C0-8296-BD73774AD56F}.Debug|Any CPU.ActiveCfg = Debug|Any CPU
		{A4B07C66-3507-40C0-8296-BD73774AD56F}.Debug|Any CPU.Build.0 = Debug|Any CPU
		{A4B07C66-3507-40C0-8296-BD73774AD56F}.Debug|x86.ActiveCfg = Debug|Any CPU
		{A4B07C66-3507-40C0-8296-BD73774AD56F}.Debug|x86.Build.0 = Debug|Any CPU
		{A4B07C66-3507-40C0-8296-BD73774AD56F}.Release|Any CPU.ActiveCfg = Release|Any CPU
		{A4B07C66-3507-40C0-8296-BD73774AD56F}.Release|Any CPU.Build.0 = Release|Any CPU
		{A4B07C66-3507-40C0-8296-BD73774AD56F}.Release|x86.ActiveCfg = Release|Any CPU
		{A4B07C66-3507-40C0-8296-BD73774AD56F}.Release|x86.Build.0 = Release|Any CPU
		{EA232A9A-440E-4619-B78E-9F2D94C49DD4}.Debug|Any CPU.ActiveCfg = Debug|Any CPU
		{EA232A9A-440E-4619-B78E-9F2D94C49DD4}.Debug|Any CPU.Build.0 = Debug|Any CPU
		{EA232A9A-440E-4619-B78E-9F2D94C49DD4}.Debug|x86.ActiveCfg = Debug|Any CPU
		{EA232A9A-440E-4619-B78E-9F2D94C49DD4}.Debug|x86.Build.0 = Debug|Any CPU
		{EA232A9A-440E-4619-B78E-9F2D94C49DD4}.Release|Any CPU.ActiveCfg = Release|Any CPU
		{EA232A9A-440E-4619-B78E-9F2D94C49DD4}.Release|Any CPU.Build.0 = Release|Any CPU
		{EA232A9A-440E-4619-B78E-9F2D94C49DD4}.Release|x86.ActiveCfg = Release|Any CPU
		{EA232A9A-440E-4619-B78E-9F2D94C49DD4}.Release|x86.Build.0 = Release|Any CPU
		{F2A15006-A12C-4869-9221-B6585A2FCCC7}.Debug|Any CPU.ActiveCfg = Debug|Any CPU
		{F2A15006-A12C-4869-9221-B6585A2FCCC7}.Debug|Any CPU.Build.0 = Debug|Any CPU
		{F2A15006-A12C-4869-9221-B6585A2FCCC7}.Debug|x86.ActiveCfg = Debug|Any CPU
		{F2A15006-A12C-4869-9221-B6585A2FCCC7}.Debug|x86.Build.0 = Debug|Any CPU
		{F2A15006-A12C-4869-9221-B6585A2FCCC7}.Release|Any CPU.ActiveCfg = Release|Any CPU
		{F2A15006-A12C-4869-9221-B6585A2FCCC7}.Release|Any CPU.Build.0 = Release|Any CPU
		{F2A15006-A12C-4869-9221-B6585A2FCCC7}.Release|x86.ActiveCfg = Release|Any CPU
		{F2A15006-A12C-4869-9221-B6585A2FCCC7}.Release|x86.Build.0 = Release|Any CPU
		{72C7B804-3276-449C-8D5F-EEB6C594E17A}.Debug|Any CPU.ActiveCfg = Debug|Any CPU
		{72C7B804-3276-449C-8D5F-EEB6C594E17A}.Debug|Any CPU.Build.0 = Debug|Any CPU
		{72C7B804-3276-449C-8D5F-EEB6C594E17A}.Debug|x86.ActiveCfg = Debug|Any CPU
		{72C7B804-3276-449C-8D5F-EEB6C594E17A}.Debug|x86.Build.0 = Debug|Any CPU
		{72C7B804-3276-449C-8D5F-EEB6C594E17A}.Release|Any CPU.ActiveCfg = Release|Any CPU
		{72C7B804-3276-449C-8D5F-EEB6C594E17A}.Release|Any CPU.Build.0 = Release|Any CPU
		{72C7B804-3276-449C-8D5F-EEB6C594E17A}.Release|x86.ActiveCfg = Release|Any CPU
		{72C7B804-3276-449C-8D5F-EEB6C594E17A}.Release|x86.Build.0 = Release|Any CPU
		{32BDB8AE-4A39-42B6-A411-0F853040B6A9}.Debug|Any CPU.ActiveCfg = Debug|Any CPU
		{32BDB8AE-4A39-42B6-A411-0F853040B6A9}.Debug|Any CPU.Build.0 = Debug|Any CPU
		{32BDB8AE-4A39-42B6-A411-0F853040B6A9}.Debug|x86.ActiveCfg = Debug|Any CPU
		{32BDB8AE-4A39-42B6-A411-0F853040B6A9}.Debug|x86.Build.0 = Debug|Any CPU
		{32BDB8AE-4A39-42B6-A411-0F853040B6A9}.Release|Any CPU.ActiveCfg = Release|Any CPU
		{32BDB8AE-4A39-42B6-A411-0F853040B6A9}.Release|Any CPU.Build.0 = Release|Any CPU
		{32BDB8AE-4A39-42B6-A411-0F853040B6A9}.Release|x86.ActiveCfg = Release|Any CPU
		{32BDB8AE-4A39-42B6-A411-0F853040B6A9}.Release|x86.Build.0 = Release|Any CPU
		{7A4EB5FD-C462-43C4-9773-F6164CD0F3E6}.Debug|Any CPU.ActiveCfg = Debug|Any CPU
		{7A4EB5FD-C462-43C4-9773-F6164CD0F3E6}.Debug|Any CPU.Build.0 = Debug|Any CPU
		{7A4EB5FD-C462-43C4-9773-F6164CD0F3E6}.Debug|x86.ActiveCfg = Debug|Any CPU
		{7A4EB5FD-C462-43C4-9773-F6164CD0F3E6}.Debug|x86.Build.0 = Debug|Any CPU
		{7A4EB5FD-C462-43C4-9773-F6164CD0F3E6}.Release|Any CPU.ActiveCfg = Release|Any CPU
		{7A4EB5FD-C462-43C4-9773-F6164CD0F3E6}.Release|Any CPU.Build.0 = Release|Any CPU
		{7A4EB5FD-C462-43C4-9773-F6164CD0F3E6}.Release|x86.ActiveCfg = Release|Any CPU
		{7A4EB5FD-C462-43C4-9773-F6164CD0F3E6}.Release|x86.Build.0 = Release|Any CPU
		{3BA1CC00-E7AE-4EB3-94C7-0A89ACA0EEA0}.Debug|Any CPU.ActiveCfg = Debug|Any CPU
		{3BA1CC00-E7AE-4EB3-94C7-0A89ACA0EEA0}.Debug|Any CPU.Build.0 = Debug|Any CPU
		{3BA1CC00-E7AE-4EB3-94C7-0A89ACA0EEA0}.Debug|x86.ActiveCfg = Debug|Any CPU
		{3BA1CC00-E7AE-4EB3-94C7-0A89ACA0EEA0}.Debug|x86.Build.0 = Debug|Any CPU
		{3BA1CC00-E7AE-4EB3-94C7-0A89ACA0EEA0}.Release|Any CPU.ActiveCfg = Release|Any CPU
		{3BA1CC00-E7AE-4EB3-94C7-0A89ACA0EEA0}.Release|Any CPU.Build.0 = Release|Any CPU
		{3BA1CC00-E7AE-4EB3-94C7-0A89ACA0EEA0}.Release|x86.ActiveCfg = Release|Any CPU
		{3BA1CC00-E7AE-4EB3-94C7-0A89ACA0EEA0}.Release|x86.Build.0 = Release|Any CPU
		{508C0649-B845-4A81-9F8E-572753B70D9D}.Debug|Any CPU.ActiveCfg = Debug|Any CPU
		{508C0649-B845-4A81-9F8E-572753B70D9D}.Debug|Any CPU.Build.0 = Debug|Any CPU
		{508C0649-B845-4A81-9F8E-572753B70D9D}.Debug|x86.ActiveCfg = Debug|Any CPU
		{508C0649-B845-4A81-9F8E-572753B70D9D}.Debug|x86.Build.0 = Debug|Any CPU
		{508C0649-B845-4A81-9F8E-572753B70D9D}.Release|Any CPU.ActiveCfg = Release|Any CPU
		{508C0649-B845-4A81-9F8E-572753B70D9D}.Release|Any CPU.Build.0 = Release|Any CPU
		{508C0649-B845-4A81-9F8E-572753B70D9D}.Release|x86.ActiveCfg = Release|Any CPU
		{508C0649-B845-4A81-9F8E-572753B70D9D}.Release|x86.Build.0 = Release|Any CPU
		{26E2D89D-7935-427C-9730-C814EE90A859}.Debug|Any CPU.ActiveCfg = Debug|Any CPU
		{26E2D89D-7935-427C-9730-C814EE90A859}.Debug|Any CPU.Build.0 = Debug|Any CPU
		{26E2D89D-7935-427C-9730-C814EE90A859}.Debug|x86.ActiveCfg = Debug|Any CPU
		{26E2D89D-7935-427C-9730-C814EE90A859}.Debug|x86.Build.0 = Debug|Any CPU
		{26E2D89D-7935-427C-9730-C814EE90A859}.Release|Any CPU.ActiveCfg = Release|Any CPU
		{26E2D89D-7935-427C-9730-C814EE90A859}.Release|Any CPU.Build.0 = Release|Any CPU
		{26E2D89D-7935-427C-9730-C814EE90A859}.Release|x86.ActiveCfg = Release|Any CPU
		{26E2D89D-7935-427C-9730-C814EE90A859}.Release|x86.Build.0 = Release|Any CPU
		{C1C7C3C6-11F2-4361-9BF0-DD9EEDAD429C}.Debug|Any CPU.ActiveCfg = Debug|Any CPU
		{C1C7C3C6-11F2-4361-9BF0-DD9EEDAD429C}.Debug|Any CPU.Build.0 = Debug|Any CPU
		{C1C7C3C6-11F2-4361-9BF0-DD9EEDAD429C}.Debug|x86.ActiveCfg = Debug|Any CPU
		{C1C7C3C6-11F2-4361-9BF0-DD9EEDAD429C}.Debug|x86.Build.0 = Debug|Any CPU
		{C1C7C3C6-11F2-4361-9BF0-DD9EEDAD429C}.Release|Any CPU.ActiveCfg = Release|Any CPU
		{C1C7C3C6-11F2-4361-9BF0-DD9EEDAD429C}.Release|Any CPU.Build.0 = Release|Any CPU
		{C1C7C3C6-11F2-4361-9BF0-DD9EEDAD429C}.Release|x86.ActiveCfg = Release|Any CPU
		{C1C7C3C6-11F2-4361-9BF0-DD9EEDAD429C}.Release|x86.Build.0 = Release|Any CPU
	EndGlobalSection
	GlobalSection(SolutionProperties) = preSolution
		HideSolutionNode = FALSE
	EndGlobalSection
	GlobalSection(NestedProjects) = preSolution
		{3A838F50-4406-405A-9D57-0491DB443CB6} = {7539CB9E-110A-406A-B8B9-94BF715D9CE8}
		{2088966C-FFD5-41BF-BE84-2C722C19C1C3} = {1B4D7B05-490A-4A53-86FC-5FFBE936BB02}
		{A4B07C66-3507-40C0-8296-BD73774AD56F} = {5977985C-6C85-49F0-A12C-08ECC138DAF0}
		{EA232A9A-440E-4619-B78E-9F2D94C49DD4} = {5977985C-6C85-49F0-A12C-08ECC138DAF0}
		{F2A15006-A12C-4869-9221-B6585A2FCCC7} = {5977985C-6C85-49F0-A12C-08ECC138DAF0}
		{72C7B804-3276-449C-8D5F-EEB6C594E17A} = {5977985C-6C85-49F0-A12C-08ECC138DAF0}
		{32BDB8AE-4A39-42B6-A411-0F853040B6A9} = {9125BA7F-0969-429B-81E1-F7DD1688056C}
		{7A4EB5FD-C462-43C4-9773-F6164CD0F3E6} = {C7883775-AD55-4611-AF1F-2394625A6A36}
		{3BA1CC00-E7AE-4EB3-94C7-0A89ACA0EEA0} = {C7883775-AD55-4611-AF1F-2394625A6A36}
		{508C0649-B845-4A81-9F8E-572753B70D9D} = {271CE175-6C7A-4679-BED1-40805CBA91FF}
		{C1C7C3C6-11F2-4361-9BF0-DD9EEDAD429C} = {271CE175-6C7A-4679-BED1-40805CBA91FF}
	EndGlobalSection
	GlobalSection(ExtensibilityGlobals) = postSolution
		SolutionGuid = {F30AFE6A-DE13-46C9-854A-F8A1AEFB61EF}
	EndGlobalSection
EndGlobal
